
Microsoft Visual Studio Solution File, Format Version 12.00
Project("{FAE04EC0-301F-11D3-BF4B-00C04F79EFBC}") = "UserAccessCheck_Activity13_Camilla", "UserAccessCheck_Activity13_Camilla.csproj", "{2E9B1BE6-95E8-483D-B873-A897EA204D8E}"
EndProject
Global
	GlobalSection(SolutionConfigurationPlatforms) = preSolution
		Debug|Any CPU = Debug|Any CPU
		Release|Any CPU = Release|Any CPU
	EndGlobalSection
	GlobalSection(ProjectConfigurationPlatforms) = postSolution
		{2E9B1BE6-95E8-483D-B873-A897EA204D8E}.Debug|Any CPU.ActiveCfg = Debug|Any CPU
		{2E9B1BE6-95E8-483D-B873-A897EA204D8E}.Debug|Any CPU.Build.0 = Debug|Any CPU
		{2E9B1BE6-95E8-483D-B873-A897EA204D8E}.Release|Any CPU.ActiveCfg = Release|Any CPU
		{2E9B1BE6-95E8-483D-B873-A897EA204D8E}.Release|Any CPU.Build.0 = Release|Any CPU
	EndGlobalSection
EndGlobal
